
Microsoft Visual Studio Solution File, Format Version 12.00
# Visual Studio Version 16
VisualStudioVersion = 16.0.29020.237
MinimumVisualStudioVersion = 10.0.40219.1
Project("{FAE04EC0-301F-11D3-BF4B-00C04F79EFBC}") = "PetEcommerce", "PetEcommerce.csproj", "{C94D67FD-7D18-4E3D-AD5C-BAD8F7736729}"
EndProject
Project("{FAE04EC0-301F-11D3-BF4B-00C04F79EFBC}") = "PetEcommerce.Tests", "..\PetEcommerce.Tests\PetEcommerce.Tests.csproj", "{858FB805-1A80-4843-A14F-862F41156376}"
EndProject
Project("{2150E333-8FDC-42A3-9474-1A3956D46DE8}") = "BusinessLayer", "BusinessLayer", "{802CF19A-69A3-433A-97E2-B369F62D61EC}"
EndProject
Project("{2150E333-8FDC-42A3-9474-1A3956D46DE8}") = "DataLayer", "DataLayer", "{1600B8A6-7E16-4819-B3D5-D61FDE0FB9EB}"
EndProject
Project("{2150E333-8FDC-42A3-9474-1A3956D46DE8}") = "PropertiesLayer", "PropertiesLayer", "{B9EC74E8-1312-4723-8D8E-122F59204049}"
EndProject
Project("{FAE04EC0-301F-11D3-BF4B-00C04F79EFBC}") = "BusinessLayer", "..\BusinessLayer\BusinessLayer.csproj", "{D2CF0966-2FB3-4C21-87FB-5055E973B89F}"
EndProject
Project("{FAE04EC0-301F-11D3-BF4B-00C04F79EFBC}") = "DataLayer", "..\DataLayer\DataLayer.csproj", "{08F542F7-3A25-40B1-99EB-CC6B7FF370CC}"
EndProject
Project("{FAE04EC0-301F-11D3-BF4B-00C04F79EFBC}") = "PropertiesLayer", "..\PropertiesLayer\PropertiesLayer.csproj", "{60DA78EC-1740-4823-B162-384332FF7A2A}"
EndProject
Global
	GlobalSection(SolutionConfigurationPlatforms) = preSolution
		Debug|Any CPU = Debug|Any CPU
		Release|Any CPU = Release|Any CPU
	EndGlobalSection
	GlobalSection(ProjectConfigurationPlatforms) = postSolution
		{C94D67FD-7D18-4E3D-AD5C-BAD8F7736729}.Debug|Any CPU.ActiveCfg = Debug|Any CPU
		{C94D67FD-7D18-4E3D-AD5C-BAD8F7736729}.Debug|Any CPU.Build.0 = Debug|Any CPU
		{C94D67FD-7D18-4E3D-AD5C-BAD8F7736729}.Release|Any CPU.ActiveCfg = Release|Any CPU
		{C94D67FD-7D18-4E3D-AD5C-BAD8F7736729}.Release|Any CPU.Build.0 = Release|Any CPU
		{858FB805-1A80-4843-A14F-862F41156376}.Debug|Any CPU.ActiveCfg = Debug|Any CPU
		{858FB805-1A80-4843-A14F-862F41156376}.Debug|Any CPU.Build.0 = Debug|Any CPU
		{858FB805-1A80-4843-A14F-862F41156376}.Release|Any CPU.ActiveCfg = Release|Any CPU
		{858FB805-1A80-4843-A14F-862F41156376}.Release|Any CPU.Build.0 = Release|Any CPU
		{D2CF0966-2FB3-4C21-87FB-5055E973B89F}.Debug|Any CPU.ActiveCfg = Debug|Any CPU
		{D2CF0966-2FB3-4C21-87FB-5055E973B89F}.Debug|Any CPU.Build.0 = Debug|Any CPU
		{D2CF0966-2FB3-4C21-87FB-5055E973B89F}.Release|Any CPU.ActiveCfg = Release|Any CPU
		{D2CF0966-2FB3-4C21-87FB-5055E973B89F}.Release|Any CPU.Build.0 = Release|Any CPU
		{08F542F7-3A25-40B1-99EB-CC6B7FF370CC}.Debug|Any CPU.ActiveCfg = Debug|Any CPU
		{08F542F7-3A25-40B1-99EB-CC6B7FF370CC}.Debug|Any CPU.Build.0 = Debug|Any CPU
		{08F542F7-3A25-40B1-99EB-CC6B7FF370CC}.Release|Any CPU.ActiveCfg = Release|Any CPU
		{08F542F7-3A25-40B1-99EB-CC6B7FF370CC}.Release|Any CPU.Build.0 = Release|Any CPU
		{60DA78EC-1740-4823-B162-384332FF7A2A}.Debug|Any CPU.ActiveCfg = Debug|Any CPU
		{60DA78EC-1740-4823-B162-384332FF7A2A}.Debug|Any CPU.Build.0 = Debug|Any CPU
		{60DA78EC-1740-4823-B162-384332FF7A2A}.Release|Any CPU.ActiveCfg = Release|Any CPU
		{60DA78EC-1740-4823-B162-384332FF7A2A}.Release|Any CPU.Build.0 = Release|Any CPU
	EndGlobalSection
	GlobalSection(SolutionProperties) = preSolution
		HideSolutionNode = FALSE
	EndGlobalSection
	GlobalSection(NestedProjects) = preSolution
		{D2CF0966-2FB3-4C21-87FB-5055E973B89F} = {802CF19A-69A3-433A-97E2-B369F62D61EC}
		{08F542F7-3A25-40B1-99EB-CC6B7FF370CC} = {1600B8A6-7E16-4819-B3D5-D61FDE0FB9EB}
		{60DA78EC-1740-4823-B162-384332FF7A2A} = {B9EC74E8-1312-4723-8D8E-122F59204049}
	EndGlobalSection
	GlobalSection(ExtensibilityGlobals) = postSolution
		SolutionGuid = {22A1E9A1-B45D-4A86-8987-2148D1DBC350}
	EndGlobalSection
EndGlobal
